
Microsoft Visual Studio Solution File, Format Version 12.00
# Visual Studio Version 16
VisualStudioVersion = 16.0.30011.22
MinimumVisualStudioVersion = 10.0.40219.1
Project("{2150E333-8FDC-42A3-9474-1A3956D46DE8}") = "Collection", "Collection", "{4AD882E0-197F-4E68-A5D9-BE9347A33E97}"
EndProject
Project("{9A19103F-16F7-4668-BE54-9A1E7A4F7556}") = "CSharp.Core.Collection.IEnumerableAndIEnumerator", "CSharp.Core.Collection.IEnumerableAndIEnumerator\CSharp.Core.Collection.IEnumerableAndIEnumerator.csproj", "{13CADBF3-09F6-4DDF-8A26-4D9DC5EEAF37}"
EndProject
Project("{9A19103F-16F7-4668-BE54-9A1E7A4F7556}") = "CSharp.Core.Collection.ICollection", "CSharp.Core.Collection.ICollection\CSharp.Core.Collection.ICollection.csproj", "{7271F64E-1EF2-4C27-BC7D-FC66E43BF1ED}"
EndProject
Project("{9A19103F-16F7-4668-BE54-9A1E7A4F7556}") = "CSharp.Core.Collection.IList", "CSharp.Core.Collection.IList\CSharp.Core.Collection.IList.csproj", "{53B55F9A-A380-4E38-AD81-43062513D282}"
EndProject
Project("{9A19103F-16F7-4668-BE54-9A1E7A4F7556}") = "CSharp.Core.Collection.IReadOnlyList", "[03]CSharp.Core.Collection.IReadonlyList\CSharp.Core.Collection.IReadOnlyList.csproj", "{67230852-5EB0-4DEF-86B0-DD7F3E9EE59D}"
EndProject
Project("{9A19103F-16F7-4668-BE54-9A1E7A4F7556}") = "CSharp.Core.Collection.IReadOnlyCollection", "CSharp.Core.Collection.IReadOnlyCollection\CSharp.Core.Collection.IReadOnlyCollection.csproj", "{4E333EAA-C5F7-4989-85DE-FC55B2D909B6}"
EndProject
Project("{2150E333-8FDC-42A3-9474-1A3956D46DE8}") = "[01]Enumer", "[01]Enumer", "{EE7454C1-C61C-4C6F-9B66-F800D62CF495}"
EndProject
Project("{2150E333-8FDC-42A3-9474-1A3956D46DE8}") = "[02]Collection", "[02]Collection", "{D0C53277-A3B6-4529-8D77-0DAE3DE20C24}"
EndProject
Project("{2150E333-8FDC-42A3-9474-1A3956D46DE8}") = "[03_1]List", "[03_1]List", "{87F97A69-CDCA-440F-A088-E5A6444303BC}"
EndProject
Project("{2150E333-8FDC-42A3-9474-1A3956D46DE8}") = "[03_2]Dictionary", "[03_2]Dictionary", "{4AE44535-17D2-41ED-B290-0EF01A6EBBCB}"
EndProject
Project("{9A19103F-16F7-4668-BE54-9A1E7A4F7556}") = "CSharp.Core.Collection.IDictionary", "CSharp.Core.Collection.IDictionary\CSharp.Core.Collection.IDictionary.csproj", "{B30837A5-960A-4DB6-9D6C-DDA03530E88B}"
EndProject
Project("{9A19103F-16F7-4668-BE54-9A1E7A4F7556}") = "CSharp.Core.Collection.IReadOnlyDictionary", "CSharp.Core.Collection.IReadOnlyDictionary\CSharp.Core.Collection.IReadOnlyDictionary.csproj", "{A1090A72-9FDD-438E-9622-7471654D6260}"
EndProject
Project("{2150E333-8FDC-42A3-9474-1A3956D46DE8}") = "[03_3]Set", "[03_3]Set", "{AC665D2B-3F9F-4A4E-A1B4-1C71C26251A0}"
EndProject
Project("{9A19103F-16F7-4668-BE54-9A1E7A4F7556}") = "CSharp.Core.Collection.ISet", "CSharp.Core.Collection.ISet\CSharp.Core.Collection.ISet.csproj", "{55431513-59CD-4C6A-9B17-D75CBFCB4933}"
EndProject
Project("{9A19103F-16F7-4668-BE54-9A1E7A4F7556}") = "CSharp.Core.Collection.Array", "CSharp.Core.Collection.Array\CSharp.Core.Collection.Array.csproj", "{73C7E90E-E2A7-4BAE-AB65-01C5942220D5}"
EndProject
Project("{2150E333-8FDC-42A3-9474-1A3956D46DE8}") = "Interface", "Interface", "{32C729B4-A660-409D-A231-EC4CA511EA75}"
EndProject
Project("{2150E333-8FDC-42A3-9474-1A3956D46DE8}") = "Interface", "Interface", "{E2E7DF96-0BA4-4413-B77C-B2B48AF09AE0}"
EndProject
Project("{2150E333-8FDC-42A3-9474-1A3956D46DE8}") = "Interface", "Interface", "{8E7DEE79-7E1C-4745-9997-140174185E34}"
EndProject
Project("{FAE04EC0-301F-11D3-BF4B-00C04F79EFBC}") = "CSharp.Core.Collection.List", "CSharp.Core.Collection.List\CSharp.Core.Collection.List.csproj", "{E4784D93-4A42-4D55-8D4B-C0619B8E7180}"
EndProject
Project("{2150E333-8FDC-42A3-9474-1A3956D46DE8}") = "[03_4]LinkedList", "[03_4]LinkedList", "{BD95948D-1F2C-4EAC-B35D-CD515B920E22}"
EndProject
Project("{2150E333-8FDC-42A3-9474-1A3956D46DE8}") = "[03_5]Queue", "[03_5]Queue", "{26FA5383-6AE6-4B5D-9BDA-D0C0AE037800}"
EndProject
Project("{2150E333-8FDC-42A3-9474-1A3956D46DE8}") = "[03_6]Stack", "[03_6]Stack", "{772ED700-6EB3-4D9B-9083-EF3FB69955A0}"
EndProject
Project("{FAE04EC0-301F-11D3-BF4B-00C04F79EFBC}") = "CSharp.Core.Collection.LinkedList", "CSharp.Core.Collection.LinkedList\CSharp.Core.Collection.LinkedList.csproj", "{5BD22B02-4F72-426B-ABC8-5925F6229E2B}"
EndProject
Project("{FAE04EC0-301F-11D3-BF4B-00C04F79EFBC}") = "CSharp.Core.Collection.Queue", "CSharp.Core.Collection.Queue\CSharp.Core.Collection.Queue.csproj", "{9157038C-CEDC-4CE0-94C3-F303BCDCDAE3}"
EndProject
Project("{FAE04EC0-301F-11D3-BF4B-00C04F79EFBC}") = "CSharp.Core.Collection.Stack", "CSharp.Core.Collection.Stack\CSharp.Core.Collection.Stack.csproj", "{B94F05B6-BFC1-4421-AF21-129110478284}"
EndProject
Project("{2150E333-8FDC-42A3-9474-1A3956D46DE8}") = "[03_7]BitArray", "[03_7]BitArray", "{027BE687-B850-4662-9FC9-3AA76F08A8BF}"
EndProject
Project("{FAE04EC0-301F-11D3-BF4B-00C04F79EFBC}") = "CSharp.Core.Collection.BitArray", "CSharp.Core.Collection.BitArray\CSharp.Core.Collection.BitArray.csproj", "{56596FAE-6C7E-4C07-89BA-CC7421B688D8}"
EndProject
Project("{FAE04EC0-301F-11D3-BF4B-00C04F79EFBC}") = "CSharp.Core.Collection.HashSet", "CSharp.Core.Collection.HashSet\CSharp.Core.Collection.HashSet.csproj", "{ECC7EF49-46CC-4067-A9D5-6949C229AA73}"
EndProject
Project("{FAE04EC0-301F-11D3-BF4B-00C04F79EFBC}") = "CSharp.Core.Collection.SortedSet", "CSharp.Core.Collection.SortedSet\CSharp.Core.Collection.SortedSet.csproj", "{DE3628D0-DFBB-4663-8A0B-E0B4D86E6B0C}"
EndProject
Project("{FAE04EC0-301F-11D3-BF4B-00C04F79EFBC}") = "CSharp.Core.Collection.Dictionary", "CSharp.Core.Collection.Dictionary\CSharp.Core.Collection.Dictionary.csproj", "{94F9E5D7-4B4C-4899-B146-75DB7587EA53}"
EndProject
Project("{FAE04EC0-301F-11D3-BF4B-00C04F79EFBC}") = "CSharp.Core.Collection.OrderedDictionary", "CSharp.Core.Collection.OrderedDictionary\CSharp.Core.Collection.OrderedDictionary.csproj", "{1B290786-FABE-42A7-8888-E181978EFB83}"
EndProject
Project("{FAE04EC0-301F-11D3-BF4B-00C04F79EFBC}") = "CSharp.Core.Collection.SortedDictionary", "CSharp.Core.Collection.SrotedDictionary\CSharp.Core.Collection.SortedDictionary.csproj", "{1228C710-7F84-443F-A5A5-EAD78F3B6419}"
EndProject
Project("{FAE04EC0-301F-11D3-BF4B-00C04F79EFBC}") = "CSharp.Core.Collection.SortedList", "CSharp.Core.Collection.SortedList\CSharp.Core.Collection.SortedList.csproj", "{D5994450-79E3-4310-A3C7-390CDAF50CD4}"
EndProject
Project("{FAE04EC0-301F-11D3-BF4B-00C04F79EFBC}") = "CSharp.Core.Collection.ListDictionary", "CSharp.Core.Collection.ListDictionary\CSharp.Core.Collection.ListDictionary.csproj", "{989486A5-8804-47C8-9D02-11CD37472243}"
EndProject
Project("{FAE04EC0-301F-11D3-BF4B-00C04F79EFBC}") = "CSharp.Core.Collection.HashTable", "CSharp.Core.Collection.HashTable\CSharp.Core.Collection.HashTable.csproj", "{D52C3891-ED51-487C-A1CB-15A341EBBF21}"
EndProject
Project("{FAE04EC0-301F-11D3-BF4B-00C04F79EFBC}") = "CSharp.Core.Collection.IOrderedDictionary", "CSharp.Core.Collection.IOrderedDictionary\CSharp.Core.Collection.IOrderedDictionary.csproj", "{F464E64F-B39B-4C29-A40B-E9614923D6CF}"
EndProject
Project("{FAE04EC0-301F-11D3-BF4B-00C04F79EFBC}") = "CSharp.Core.Collection.HybridDictionary", "CSharp.Core.Collection.HybridDictionary\CSharp.Core.Collection.HybridDictionary.csproj", "{0E0E74BE-90D2-4E21-87CF-AD99FDEFEE27}"
EndProject
Project("{2150E333-8FDC-42A3-9474-1A3956D46DE8}") = "[03_8]Collection", "[03_8]Collection", "{FACAC099-62D1-49DB-B207-4D3F85F4F1F2}"
EndProject
Project("{FAE04EC0-301F-11D3-BF4B-00C04F79EFBC}") = "CSharp.Core.Collection.Collection", "CSharp.Core.Collection.Collection\CSharp.Core.Collection.Collection.csproj", "{844F6297-BBB3-49A7-9E83-2D0722F19340}"
EndProject
Project("{FAE04EC0-301F-11D3-BF4B-00C04F79EFBC}") = "CSharp.Core.Collection.KeyedCollection", "CSharp.Core.Collection.KeyedCollection\CSharp.Core.Collection.KeyedCollection.csproj", "{39C1C55A-A2AC-40F7-9AEC-CD7C894F3BD7}"
EndProject
Project("{FAE04EC0-301F-11D3-BF4B-00C04F79EFBC}") = "CSharp.Core.Collection.ReadOnlyCollection", "CSharp.Core.Collection.ReadOnlyCollection\CSharp.Core.Collection.ReadOnlyCollection.csproj", "{9041369A-10A0-4471-ACED-E86265AC1781}"
EndProject
Global
	GlobalSection(SolutionConfigurationPlatforms) = preSolution
		Debug|Any CPU = Debug|Any CPU
		Release|Any CPU = Release|Any CPU
	EndGlobalSection
	GlobalSection(ProjectConfigurationPlatforms) = postSolution
		{13CADBF3-09F6-4DDF-8A26-4D9DC5EEAF37}.Debug|Any CPU.ActiveCfg = Debug|Any CPU
		{13CADBF3-09F6-4DDF-8A26-4D9DC5EEAF37}.Debug|Any CPU.Build.0 = Debug|Any CPU
		{13CADBF3-09F6-4DDF-8A26-4D9DC5EEAF37}.Release|Any CPU.ActiveCfg = Release|Any CPU
		{13CADBF3-09F6-4DDF-8A26-4D9DC5EEAF37}.Release|Any CPU.Build.0 = Release|Any CPU
		{7271F64E-1EF2-4C27-BC7D-FC66E43BF1ED}.Debug|Any CPU.ActiveCfg = Debug|Any CPU
		{7271F64E-1EF2-4C27-BC7D-FC66E43BF1ED}.Debug|Any CPU.Build.0 = Debug|Any CPU
		{7271F64E-1EF2-4C27-BC7D-FC66E43BF1ED}.Release|Any CPU.ActiveCfg = Release|Any CPU
		{7271F64E-1EF2-4C27-BC7D-FC66E43BF1ED}.Release|Any CPU.Build.0 = Release|Any CPU
		{53B55F9A-A380-4E38-AD81-43062513D282}.Debug|Any CPU.ActiveCfg = Debug|Any CPU
		{53B55F9A-A380-4E38-AD81-43062513D282}.Debug|Any CPU.Build.0 = Debug|Any CPU
		{53B55F9A-A380-4E38-AD81-43062513D282}.Release|Any CPU.ActiveCfg = Release|Any CPU
		{53B55F9A-A380-4E38-AD81-43062513D282}.Release|Any CPU.Build.0 = Release|Any CPU
		{67230852-5EB0-4DEF-86B0-DD7F3E9EE59D}.Debug|Any CPU.ActiveCfg = Debug|Any CPU
		{67230852-5EB0-4DEF-86B0-DD7F3E9EE59D}.Debug|Any CPU.Build.0 = Debug|Any CPU
		{67230852-5EB0-4DEF-86B0-DD7F3E9EE59D}.Release|Any CPU.ActiveCfg = Release|Any CPU
		{67230852-5EB0-4DEF-86B0-DD7F3E9EE59D}.Release|Any CPU.Build.0 = Release|Any CPU
		{4E333EAA-C5F7-4989-85DE-FC55B2D909B6}.Debug|Any CPU.ActiveCfg = Debug|Any CPU
		{4E333EAA-C5F7-4989-85DE-FC55B2D909B6}.Debug|Any CPU.Build.0 = Debug|Any CPU
		{4E333EAA-C5F7-4989-85DE-FC55B2D909B6}.Release|Any CPU.ActiveCfg = Release|Any CPU
		{4E333EAA-C5F7-4989-85DE-FC55B2D909B6}.Release|Any CPU.Build.0 = Release|Any CPU
		{B30837A5-960A-4DB6-9D6C-DDA03530E88B}.Debug|Any CPU.ActiveCfg = Debug|Any CPU
		{B30837A5-960A-4DB6-9D6C-DDA03530E88B}.Debug|Any CPU.Build.0 = Debug|Any CPU
		{B30837A5-960A-4DB6-9D6C-DDA03530E88B}.Release|Any CPU.ActiveCfg = Release|Any CPU
		{B30837A5-960A-4DB6-9D6C-DDA03530E88B}.Release|Any CPU.Build.0 = Release|Any CPU
		{A1090A72-9FDD-438E-9622-7471654D6260}.Debug|Any CPU.ActiveCfg = Debug|Any CPU
		{A1090A72-9FDD-438E-9622-7471654D6260}.Debug|Any CPU.Build.0 = Debug|Any CPU
		{A1090A72-9FDD-438E-9622-7471654D6260}.Release|Any CPU.ActiveCfg = Release|Any CPU
		{A1090A72-9FDD-438E-9622-7471654D6260}.Release|Any CPU.Build.0 = Release|Any CPU
		{55431513-59CD-4C6A-9B17-D75CBFCB4933}.Debug|Any CPU.ActiveCfg = Debug|Any CPU
		{55431513-59CD-4C6A-9B17-D75CBFCB4933}.Debug|Any CPU.Build.0 = Debug|Any CPU
		{55431513-59CD-4C6A-9B17-D75CBFCB4933}.Release|Any CPU.ActiveCfg = Release|Any CPU
		{55431513-59CD-4C6A-9B17-D75CBFCB4933}.Release|Any CPU.Build.0 = Release|Any CPU
		{73C7E90E-E2A7-4BAE-AB65-01C5942220D5}.Debug|Any CPU.ActiveCfg = Debug|Any CPU
		{73C7E90E-E2A7-4BAE-AB65-01C5942220D5}.Debug|Any CPU.Build.0 = Debug|Any CPU
		{73C7E90E-E2A7-4BAE-AB65-01C5942220D5}.Release|Any CPU.ActiveCfg = Release|Any CPU
		{73C7E90E-E2A7-4BAE-AB65-01C5942220D5}.Release|Any CPU.Build.0 = Release|Any CPU
		{E4784D93-4A42-4D55-8D4B-C0619B8E7180}.Debug|Any CPU.ActiveCfg = Debug|Any CPU
		{E4784D93-4A42-4D55-8D4B-C0619B8E7180}.Debug|Any CPU.Build.0 = Debug|Any CPU
		{E4784D93-4A42-4D55-8D4B-C0619B8E7180}.Release|Any CPU.ActiveCfg = Release|Any CPU
		{E4784D93-4A42-4D55-8D4B-C0619B8E7180}.Release|Any CPU.Build.0 = Release|Any CPU
		{5BD22B02-4F72-426B-ABC8-5925F6229E2B}.Debug|Any CPU.ActiveCfg = Debug|Any CPU
		{5BD22B02-4F72-426B-ABC8-5925F6229E2B}.Debug|Any CPU.Build.0 = Debug|Any CPU
		{5BD22B02-4F72-426B-ABC8-5925F6229E2B}.Release|Any CPU.ActiveCfg = Release|Any CPU
		{5BD22B02-4F72-426B-ABC8-5925F6229E2B}.Release|Any CPU.Build.0 = Release|Any CPU
		{9157038C-CEDC-4CE0-94C3-F303BCDCDAE3}.Debug|Any CPU.ActiveCfg = Debug|Any CPU
		{9157038C-CEDC-4CE0-94C3-F303BCDCDAE3}.Debug|Any CPU.Build.0 = Debug|Any CPU
		{9157038C-CEDC-4CE0-94C3-F303BCDCDAE3}.Release|Any CPU.ActiveCfg = Release|Any CPU
		{9157038C-CEDC-4CE0-94C3-F303BCDCDAE3}.Release|Any CPU.Build.0 = Release|Any CPU
		{B94F05B6-BFC1-4421-AF21-129110478284}.Debug|Any CPU.ActiveCfg = Debug|Any CPU
		{B94F05B6-BFC1-4421-AF21-129110478284}.Debug|Any CPU.Build.0 = Debug|Any CPU
		{B94F05B6-BFC1-4421-AF21-129110478284}.Release|Any CPU.ActiveCfg = Release|Any CPU
		{B94F05B6-BFC1-4421-AF21-129110478284}.Release|Any CPU.Build.0 = Release|Any CPU
		{56596FAE-6C7E-4C07-89BA-CC7421B688D8}.Debug|Any CPU.ActiveCfg = Debug|Any CPU
		{56596FAE-6C7E-4C07-89BA-CC7421B688D8}.Debug|Any CPU.Build.0 = Debug|Any CPU
		{56596FAE-6C7E-4C07-89BA-CC7421B688D8}.Release|Any CPU.ActiveCfg = Release|Any CPU
		{56596FAE-6C7E-4C07-89BA-CC7421B688D8}.Release|Any CPU.Build.0 = Release|Any CPU
		{ECC7EF49-46CC-4067-A9D5-6949C229AA73}.Debug|Any CPU.ActiveCfg = Debug|Any CPU
		{ECC7EF49-46CC-4067-A9D5-6949C229AA73}.Debug|Any CPU.Build.0 = Debug|Any CPU
		{ECC7EF49-46CC-4067-A9D5-6949C229AA73}.Release|Any CPU.ActiveCfg = Release|Any CPU
		{ECC7EF49-46CC-4067-A9D5-6949C229AA73}.Release|Any CPU.Build.0 = Release|Any CPU
		{DE3628D0-DFBB-4663-8A0B-E0B4D86E6B0C}.Debug|Any CPU.ActiveCfg = Debug|Any CPU
		{DE3628D0-DFBB-4663-8A0B-E0B4D86E6B0C}.Debug|Any CPU.Build.0 = Debug|Any CPU
		{DE3628D0-DFBB-4663-8A0B-E0B4D86E6B0C}.Release|Any CPU.ActiveCfg = Release|Any CPU
		{DE3628D0-DFBB-4663-8A0B-E0B4D86E6B0C}.Release|Any CPU.Build.0 = Release|Any CPU
		{94F9E5D7-4B4C-4899-B146-75DB7587EA53}.Debug|Any CPU.ActiveCfg = Debug|Any CPU
		{94F9E5D7-4B4C-4899-B146-75DB7587EA53}.Debug|Any CPU.Build.0 = Debug|Any CPU
		{94F9E5D7-4B4C-4899-B146-75DB7587EA53}.Release|Any CPU.ActiveCfg = Release|Any CPU
		{94F9E5D7-4B4C-4899-B146-75DB7587EA53}.Release|Any CPU.Build.0 = Release|Any CPU
		{1B290786-FABE-42A7-8888-E181978EFB83}.Debug|Any CPU.ActiveCfg = Debug|Any CPU
		{1B290786-FABE-42A7-8888-E181978EFB83}.Debug|Any CPU.Build.0 = Debug|Any CPU
		{1B290786-FABE-42A7-8888-E181978EFB83}.Release|Any CPU.ActiveCfg = Release|Any CPU
		{1B290786-FABE-42A7-8888-E181978EFB83}.Release|Any CPU.Build.0 = Release|Any CPU
		{1228C710-7F84-443F-A5A5-EAD78F3B6419}.Debug|Any CPU.ActiveCfg = Debug|Any CPU
		{1228C710-7F84-443F-A5A5-EAD78F3B6419}.Debug|Any CPU.Build.0 = Debug|Any CPU
		{1228C710-7F84-443F-A5A5-EAD78F3B6419}.Release|Any CPU.ActiveCfg = Release|Any CPU
		{1228C710-7F84-443F-A5A5-EAD78F3B6419}.Release|Any CPU.Build.0 = Release|Any CPU
		{D5994450-79E3-4310-A3C7-390CDAF50CD4}.Debug|Any CPU.ActiveCfg = Debug|Any CPU
		{D5994450-79E3-4310-A3C7-390CDAF50CD4}.Debug|Any CPU.Build.0 = Debug|Any CPU
		{D5994450-79E3-4310-A3C7-390CDAF50CD4}.Release|Any CPU.ActiveCfg = Release|Any CPU
		{D5994450-79E3-4310-A3C7-390CDAF50CD4}.Release|Any CPU.Build.0 = Release|Any CPU
		{989486A5-8804-47C8-9D02-11CD37472243}.Debug|Any CPU.ActiveCfg = Debug|Any CPU
		{989486A5-8804-47C8-9D02-11CD37472243}.Debug|Any CPU.Build.0 = Debug|Any CPU
		{989486A5-8804-47C8-9D02-11CD37472243}.Release|Any CPU.ActiveCfg = Release|Any CPU
		{989486A5-8804-47C8-9D02-11CD37472243}.Release|Any CPU.Build.0 = Release|Any CPU
		{D52C3891-ED51-487C-A1CB-15A341EBBF21}.Debug|Any CPU.ActiveCfg = Debug|Any CPU
		{D52C3891-ED51-487C-A1CB-15A341EBBF21}.Debug|Any CPU.Build.0 = Debug|Any CPU
		{D52C3891-ED51-487C-A1CB-15A341EBBF21}.Release|Any CPU.ActiveCfg = Release|Any CPU
		{D52C3891-ED51-487C-A1CB-15A341EBBF21}.Release|Any CPU.Build.0 = Release|Any CPU
		{F464E64F-B39B-4C29-A40B-E9614923D6CF}.Debug|Any CPU.ActiveCfg = Debug|Any CPU
		{F464E64F-B39B-4C29-A40B-E9614923D6CF}.Debug|Any CPU.Build.0 = Debug|Any CPU
		{F464E64F-B39B-4C29-A40B-E9614923D6CF}.Release|Any CPU.ActiveCfg = Release|Any CPU
		{F464E64F-B39B-4C29-A40B-E9614923D6CF}.Release|Any CPU.Build.0 = Release|Any CPU
		{0E0E74BE-90D2-4E21-87CF-AD99FDEFEE27}.Debug|Any CPU.ActiveCfg = Debug|Any CPU
		{0E0E74BE-90D2-4E21-87CF-AD99FDEFEE27}.Debug|Any CPU.Build.0 = Debug|Any CPU
		{0E0E74BE-90D2-4E21-87CF-AD99FDEFEE27}.Release|Any CPU.ActiveCfg = Release|Any CPU
		{0E0E74BE-90D2-4E21-87CF-AD99FDEFEE27}.Release|Any CPU.Build.0 = Release|Any CPU
		{844F6297-BBB3-49A7-9E83-2D0722F19340}.Debug|Any CPU.ActiveCfg = Debug|Any CPU
		{844F6297-BBB3-49A7-9E83-2D0722F19340}.Debug|Any CPU.Build.0 = Debug|Any CPU
		{844F6297-BBB3-49A7-9E83-2D0722F19340}.Release|Any CPU.ActiveCfg = Release|Any CPU
		{844F6297-BBB3-49A7-9E83-2D0722F19340}.Release|Any CPU.Build.0 = Release|Any CPU
		{39C1C55A-A2AC-40F7-9AEC-CD7C894F3BD7}.Debug|Any CPU.ActiveCfg = Debug|Any CPU
		{39C1C55A-A2AC-40F7-9AEC-CD7C894F3BD7}.Debug|Any CPU.Build.0 = Debug|Any CPU
		{39C1C55A-A2AC-40F7-9AEC-CD7C894F3BD7}.Release|Any CPU.ActiveCfg = Release|Any CPU
		{39C1C55A-A2AC-40F7-9AEC-CD7C894F3BD7}.Release|Any CPU.Build.0 = Release|Any CPU
		{9041369A-10A0-4471-ACED-E86265AC1781}.Debug|Any CPU.ActiveCfg = Debug|Any CPU
		{9041369A-10A0-4471-ACED-E86265AC1781}.Debug|Any CPU.Build.0 = Debug|Any CPU
		{9041369A-10A0-4471-ACED-E86265AC1781}.Release|Any CPU.ActiveCfg = Release|Any CPU
		{9041369A-10A0-4471-ACED-E86265AC1781}.Release|Any CPU.Build.0 = Release|Any CPU
	EndGlobalSection
	GlobalSection(SolutionProperties) = preSolution
		HideSolutionNode = FALSE
	EndGlobalSection
	GlobalSection(NestedProjects) = preSolution
		{13CADBF3-09F6-4DDF-8A26-4D9DC5EEAF37} = {EE7454C1-C61C-4C6F-9B66-F800D62CF495}
		{7271F64E-1EF2-4C27-BC7D-FC66E43BF1ED} = {D0C53277-A3B6-4529-8D77-0DAE3DE20C24}
		{53B55F9A-A380-4E38-AD81-43062513D282} = {32C729B4-A660-409D-A231-EC4CA511EA75}
		{67230852-5EB0-4DEF-86B0-DD7F3E9EE59D} = {32C729B4-A660-409D-A231-EC4CA511EA75}
		{4E333EAA-C5F7-4989-85DE-FC55B2D909B6} = {D0C53277-A3B6-4529-8D77-0DAE3DE20C24}
		{EE7454C1-C61C-4C6F-9B66-F800D62CF495} = {4AD882E0-197F-4E68-A5D9-BE9347A33E97}
		{D0C53277-A3B6-4529-8D77-0DAE3DE20C24} = {4AD882E0-197F-4E68-A5D9-BE9347A33E97}
		{87F97A69-CDCA-440F-A088-E5A6444303BC} = {4AD882E0-197F-4E68-A5D9-BE9347A33E97}
		{4AE44535-17D2-41ED-B290-0EF01A6EBBCB} = {4AD882E0-197F-4E68-A5D9-BE9347A33E97}
		{B30837A5-960A-4DB6-9D6C-DDA03530E88B} = {E2E7DF96-0BA4-4413-B77C-B2B48AF09AE0}
		{A1090A72-9FDD-438E-9622-7471654D6260} = {E2E7DF96-0BA4-4413-B77C-B2B48AF09AE0}
		{AC665D2B-3F9F-4A4E-A1B4-1C71C26251A0} = {4AD882E0-197F-4E68-A5D9-BE9347A33E97}
		{55431513-59CD-4C6A-9B17-D75CBFCB4933} = {8E7DEE79-7E1C-4745-9997-140174185E34}
		{73C7E90E-E2A7-4BAE-AB65-01C5942220D5} = {87F97A69-CDCA-440F-A088-E5A6444303BC}
		{32C729B4-A660-409D-A231-EC4CA511EA75} = {87F97A69-CDCA-440F-A088-E5A6444303BC}
		{E2E7DF96-0BA4-4413-B77C-B2B48AF09AE0} = {4AE44535-17D2-41ED-B290-0EF01A6EBBCB}
		{8E7DEE79-7E1C-4745-9997-140174185E34} = {AC665D2B-3F9F-4A4E-A1B4-1C71C26251A0}
		{E4784D93-4A42-4D55-8D4B-C0619B8E7180} = {87F97A69-CDCA-440F-A088-E5A6444303BC}
		{BD95948D-1F2C-4EAC-B35D-CD515B920E22} = {4AD882E0-197F-4E68-A5D9-BE9347A33E97}
		{26FA5383-6AE6-4B5D-9BDA-D0C0AE037800} = {4AD882E0-197F-4E68-A5D9-BE9347A33E97}
		{772ED700-6EB3-4D9B-9083-EF3FB69955A0} = {4AD882E0-197F-4E68-A5D9-BE9347A33E97}
		{5BD22B02-4F72-426B-ABC8-5925F6229E2B} = {BD95948D-1F2C-4EAC-B35D-CD515B920E22}
		{9157038C-CEDC-4CE0-94C3-F303BCDCDAE3} = {26FA5383-6AE6-4B5D-9BDA-D0C0AE037800}
		{B94F05B6-BFC1-4421-AF21-129110478284} = {772ED700-6EB3-4D9B-9083-EF3FB69955A0}
		{027BE687-B850-4662-9FC9-3AA76F08A8BF} = {4AD882E0-197F-4E68-A5D9-BE9347A33E97}
		{56596FAE-6C7E-4C07-89BA-CC7421B688D8} = {027BE687-B850-4662-9FC9-3AA76F08A8BF}
		{ECC7EF49-46CC-4067-A9D5-6949C229AA73} = {AC665D2B-3F9F-4A4E-A1B4-1C71C26251A0}
		{DE3628D0-DFBB-4663-8A0B-E0B4D86E6B0C} = {AC665D2B-3F9F-4A4E-A1B4-1C71C26251A0}
		{94F9E5D7-4B4C-4899-B146-75DB7587EA53} = {4AE44535-17D2-41ED-B290-0EF01A6EBBCB}
		{1B290786-FABE-42A7-8888-E181978EFB83} = {4AE44535-17D2-41ED-B290-0EF01A6EBBCB}
		{1228C710-7F84-443F-A5A5-EAD78F3B6419} = {4AE44535-17D2-41ED-B290-0EF01A6EBBCB}
		{D5994450-79E3-4310-A3C7-390CDAF50CD4} = {4AE44535-17D2-41ED-B290-0EF01A6EBBCB}
		{989486A5-8804-47C8-9D02-11CD37472243} = {4AE44535-17D2-41ED-B290-0EF01A6EBBCB}
		{D52C3891-ED51-487C-A1CB-15A341EBBF21} = {4AE44535-17D2-41ED-B290-0EF01A6EBBCB}
		{F464E64F-B39B-4C29-A40B-E9614923D6CF} = {E2E7DF96-0BA4-4413-B77C-B2B48AF09AE0}
		{0E0E74BE-90D2-4E21-87CF-AD99FDEFEE27} = {4AE44535-17D2-41ED-B290-0EF01A6EBBCB}
		{FACAC099-62D1-49DB-B207-4D3F85F4F1F2} = {4AD882E0-197F-4E68-A5D9-BE9347A33E97}
		{844F6297-BBB3-49A7-9E83-2D0722F19340} = {FACAC099-62D1-49DB-B207-4D3F85F4F1F2}
		{39C1C55A-A2AC-40F7-9AEC-CD7C894F3BD7} = {FACAC099-62D1-49DB-B207-4D3F85F4F1F2}
		{9041369A-10A0-4471-ACED-E86265AC1781} = {FACAC099-62D1-49DB-B207-4D3F85F4F1F2}
	EndGlobalSection
	GlobalSection(ExtensibilityGlobals) = postSolution
		SolutionGuid = {1097F3E3-D3C2-4A00-9614-608144C5CA58}
	EndGlobalSection
EndGlobal
